
Microsoft Visual Studio Solution File, Format Version 11.00
# Visual Studio 2010
Project("{FAE04EC0-301F-11D3-BF4B-00C04F79EFBC}") = "PubNubDemo", "PubNubDemo\PubNubDemo.csproj", "{6ADAB2AC-D79C-459D-B152-737D5B80CBCF}"
EndProject
Project("{FAE04EC0-301F-11D3-BF4B-00C04F79EFBC}") = "Pubnub-Messaging", "PubNub\Pubnub-Messaging.csproj", "{DAF3F1BC-9CB3-4950-85B5-A38F8742AA78}"
EndProject
Global
	GlobalSection(SolutionConfigurationPlatforms) = preSolution
		Debug|iPhoneSimulator = Debug|iPhoneSimulator
		Release|iPhoneSimulator = Release|iPhoneSimulator
		Debug|iPhone = Debug|iPhone
		Release|iPhone = Release|iPhone
		Ad-Hoc|iPhone = Ad-Hoc|iPhone
		AppStore|iPhone = AppStore|iPhone
	EndGlobalSection
	GlobalSection(ProjectConfigurationPlatforms) = postSolution
		{6ADAB2AC-D79C-459D-B152-737D5B80CBCF}.Ad-Hoc|iPhone.ActiveCfg = Ad-Hoc|iPhone
		{6ADAB2AC-D79C-459D-B152-737D5B80CBCF}.Ad-Hoc|iPhone.Build.0 = Ad-Hoc|iPhone
		{6ADAB2AC-D79C-459D-B152-737D5B80CBCF}.AppStore|iPhone.ActiveCfg = AppStore|iPhone
		{6ADAB2AC-D79C-459D-B152-737D5B80CBCF}.AppStore|iPhone.Build.0 = AppStore|iPhone
		{6ADAB2AC-D79C-459D-B152-737D5B80CBCF}.Debug|iPhone.ActiveCfg = Debug|iPhone
		{6ADAB2AC-D79C-459D-B152-737D5B80CBCF}.Debug|iPhone.Build.0 = Debug|iPhone
		{6ADAB2AC-D79C-459D-B152-737D5B80CBCF}.Debug|iPhoneSimulator.ActiveCfg = Debug|iPhoneSimulator
		{6ADAB2AC-D79C-459D-B152-737D5B80CBCF}.Debug|iPhoneSimulator.Build.0 = Debug|iPhoneSimulator
		{6ADAB2AC-D79C-459D-B152-737D5B80CBCF}.Release|iPhone.ActiveCfg = Release|iPhone
		{6ADAB2AC-D79C-459D-B152-737D5B80CBCF}.Release|iPhone.Build.0 = Release|iPhone
		{6ADAB2AC-D79C-459D-B152-737D5B80CBCF}.Release|iPhoneSimulator.ActiveCfg = Release|iPhoneSimulator
		{6ADAB2AC-D79C-459D-B152-737D5B80CBCF}.Release|iPhoneSimulator.Build.0 = Release|iPhoneSimulator
		{DAF3F1BC-9CB3-4950-85B5-A38F8742AA78}.Ad-Hoc|iPhone.ActiveCfg = Ad-Hoc|iPhone
		{DAF3F1BC-9CB3-4950-85B5-A38F8742AA78}.Ad-Hoc|iPhone.Build.0 = Ad-Hoc|iPhone
		{DAF3F1BC-9CB3-4950-85B5-A38F8742AA78}.AppStore|iPhone.ActiveCfg = AppStore|iPhone
		{DAF3F1BC-9CB3-4950-85B5-A38F8742AA78}.AppStore|iPhone.Build.0 = AppStore|iPhone
		{DAF3F1BC-9CB3-4950-85B5-A38F8742AA78}.Debug|iPhone.ActiveCfg = Debug|iPhone
		{DAF3F1BC-9CB3-4950-85B5-A38F8742AA78}.Debug|iPhone.Build.0 = Debug|iPhone
		{DAF3F1BC-9CB3-4950-85B5-A38F8742AA78}.Debug|iPhoneSimulator.ActiveCfg = Debug|iPhoneSimulator
		{DAF3F1BC-9CB3-4950-85B5-A38F8742AA78}.Debug|iPhoneSimulator.Build.0 = Debug|iPhoneSimulator
		{DAF3F1BC-9CB3-4950-85B5-A38F8742AA78}.Release|iPhone.ActiveCfg = Release|iPhone
		{DAF3F1BC-9CB3-4950-85B5-A38F8742AA78}.Release|iPhone.Build.0 = Release|iPhone
		{DAF3F1BC-9CB3-4950-85B5-A38F8742AA78}.Release|iPhoneSimulator.ActiveCfg = Release|iPhoneSimulator
		{DAF3F1BC-9CB3-4950-85B5-A38F8742AA78}.Release|iPhoneSimulator.Build.0 = Release|iPhoneSimulator
	EndGlobalSection
	GlobalSection(MonoDevelopProperties) = preSolution
		StartupItem = PubNubDemo\PubNubDemo.csproj
	EndGlobalSection
EndGlobal
